// !$*UTF8*$!
{
	archiveVersion = 1;
	classes = {
	};
	objectVersion = 46;
	objects = {

/* Begin PBXBuildFile section */
		03106CA51BB395D10050EDEC /* main.m in Sources */ = {isa = PBXBuildFile; fileRef = 03106CA41BB395D10050EDEC /* main.m */; };
		03106CB01BB395D10050EDEC /* Images.xcassets in Resources */ = {isa = PBXBuildFile; fileRef = 03106CAF1BB395D10050EDEC /* Images.xcassets */; };
		03106CB31BB395D10050EDEC /* LaunchScreen.xib in Resources */ = {isa = PBXBuildFile; fileRef = 03106CB11BB395D10050EDEC /* LaunchScreen.xib */; };
		03106CBF1BB395D10050EDEC /* GameEngineTests.m in Sources */ = {isa = PBXBuildFile; fileRef = 03106CBE1BB395D10050EDEC /* GameEngineTests.m */; };
		03106CD21BB396A60050EDEC /* AppDelegate.m in Sources */ = {isa = PBXBuildFile; fileRef = 03106CCC1BB396A60050EDEC /* AppDelegate.m */; };
		03106CD31BB396A60050EDEC /* BootLogic.m in Sources */ = {isa = PBXBuildFile; fileRef = 03106CCD1BB396A60050EDEC /* BootLogic.m */; };
		03106CD41BB396A60050EDEC /* ConsoleScreen.m in Sources */ = {isa = PBXBuildFile; fileRef = 03106CCF1BB396A60050EDEC /* ConsoleScreen.m */; };
		03106CD51BB396A60050EDEC /* MainScreen.m in Sources */ = {isa = PBXBuildFile; fileRef = 03106CD11BB396A60050EDEC /* MainScreen.m */; };
		03106CD91BB397D20050EDEC /* Sence.m in Sources */ = {isa = PBXBuildFile; fileRef = 03106CD81BB397D20050EDEC /* Sence.m */; };
		03106CDC1BB398270050EDEC /* Sprite.m in Sources */ = {isa = PBXBuildFile; fileRef = 03106CDB1BB398270050EDEC /* Sprite.m */; };
		03106CDF1BB39D070050EDEC /* soccer.png in Resources */ = {isa = PBXBuildFile; fileRef = 03106CDE1BB39D070050EDEC /* soccer.png */; };
		03106CE21BB39D450050EDEC /* SenceAndSprite.m in Sources */ = {isa = PBXBuildFile; fileRef = 03106CE11BB39D450050EDEC /* SenceAndSprite.m */; };
		03106CE51BB3CE7F0050EDEC /* CityAndCloud.m in Sources */ = {isa = PBXBuildFile; fileRef = 03106CE41BB3CE7F0050EDEC /* CityAndCloud.m */; };
		03106CEE1BB3CEAB0050EDEC /* 1.png in Resources */ = {isa = PBXBuildFile; fileRef = 03106CE61BB3CEAB0050EDEC /* 1.png */; };
		03106CEF1BB3CEAB0050EDEC /* 2.png in Resources */ = {isa = PBXBuildFile; fileRef = 03106CE71BB3CEAB0050EDEC /* 2.png */; };
		03106CF01BB3CEAB0050EDEC /* 3.png in Resources */ = {isa = PBXBuildFile; fileRef = 03106CE81BB3CEAB0050EDEC /* 3.png */; };
		03106CF11BB3CEAB0050EDEC /* 4.png in Resources */ = {isa = PBXBuildFile; fileRef = 03106CE91BB3CEAB0050EDEC /* 4.png */; };
		03106CF21BB3CEAB0050EDEC /* 5.png in Resources */ = {isa = PBXBuildFile; fileRef = 03106CEA1BB3CEAB0050EDEC /* 5.png */; };
		03106CF31BB3CEAB0050EDEC /* 6.png in Resources */ = {isa = PBXBuildFile; fileRef = 03106CEB1BB3CEAB0050EDEC /* 6.png */; };
		03106CF41BB3CEAB0050EDEC /* 7.png in Resources */ = {isa = PBXBuildFile; fileRef = 03106CEC1BB3CEAB0050EDEC /* 7.png */; };
		03106CF51BB3CEAB0050EDEC /* 8.png in Resources */ = {isa = PBXBuildFile; fileRef = 03106CED1BB3CEAB0050EDEC /* 8.png */; };
		03106CF91BB3CEB70050EDEC /* ball.png in Resources */ = {isa = PBXBuildFile; fileRef = 03106CF61BB3CEB70050EDEC /* ball.png */; };
		03106CFA1BB3CEB70050EDEC /* block.png in Resources */ = {isa = PBXBuildFile; fileRef = 03106CF71BB3CEB70050EDEC /* block.png */; };
		03106D031BB3CEC50050EDEC /* cloud1.png in Resources */ = {isa = PBXBuildFile; fileRef = 03106CFC1BB3CEC50050EDEC /* cloud1.png */; };
		03106D041BB3CEC50050EDEC /* cloud2.png in Resources */ = {isa = PBXBuildFile; fileRef = 03106CFD1BB3CEC50050EDEC /* cloud2.png */; };
		03106D051BB3CEC50050EDEC /* cloud3.png in Resources */ = {isa = PBXBuildFile; fileRef = 03106CFE1BB3CEC50050EDEC /* cloud3.png */; };
		03106D061BB3CEC50050EDEC /* clown.png in Resources */ = {isa = PBXBuildFile; fileRef = 03106CFF1BB3CEC50050EDEC /* clown.png */; };
		03106D071BB3CEC50050EDEC /* fireball.png in Resources */ = {isa = PBXBuildFile; fileRef = 03106D001BB3CEC50050EDEC /* fireball.png */; };
		03106D081BB3CEC50050EDEC /* gameover.png in Resources */ = {isa = PBXBuildFile; fileRef = 03106D011BB3CEC50050EDEC /* gameover.png */; };
		03106D091BB3CEC50050EDEC /* marioKilled.png in Resources */ = {isa = PBXBuildFile; fileRef = 03106D021BB3CEC50050EDEC /* marioKilled.png */; };
		03106D0B1BB3E2A80050EDEC /* city.png in Resources */ = {isa = PBXBuildFile; fileRef = 03106D0A1BB3E2A80050EDEC /* city.png */; };
		03106D0E1BB3E6BD0050EDEC /* Cloud.m in Sources */ = {isa = PBXBuildFile; fileRef = 03106D0D1BB3E6BD0050EDEC /* Cloud.m */; };
		03106D111BB3F0F70050EDEC /* Superricks.m in Sources */ = {isa = PBXBuildFile; fileRef = 03106D101BB3F0F70050EDEC /* Superricks.m */; };
/* End PBXBuildFile section */

/* Begin PBXContainerItemProxy section */
		03106CB91BB395D10050EDEC /* PBXContainerItemProxy */ = {
			isa = PBXContainerItemProxy;
			containerPortal = 03106C971BB395D10050EDEC /* Project object */;
			proxyType = 1;
			remoteGlobalIDString = 03106C9E1BB395D10050EDEC;
			remoteInfo = GameEngine;
		};
/* End PBXContainerItemProxy section */

/* Begin PBXFileReference section */
		03106C9F1BB395D10050EDEC /* GameEngine.app */ = {isa = PBXFileReference; explicitFileType = wrapper.application; includeInIndex = 0; path = GameEngine.app; sourceTree = BUILT_PRODUCTS_DIR; };
		03106CA31BB395D10050EDEC /* Info.plist */ = {isa = PBXFileReference; lastKnownFileType = text.plist.xml; path = Info.plist; sourceTree = "<group>"; };
		03106CA41BB395D10050EDEC /* main.m */ = {isa = PBXFileReference; lastKnownFileType = sourcecode.c.objc; path = main.m; sourceTree = "<group>"; };
		03106CAF1BB395D10050EDEC /* Images.xcassets */ = {isa = PBXFileReference; lastKnownFileType = folder.assetcatalog; path = Images.xcassets; sourceTree = "<group>"; };
		03106CB21BB395D10050EDEC /* Base */ = {isa = PBXFileReference; lastKnownFileType = file.xib; name = Base; path = Base.lproj/LaunchScreen.xib; sourceTree = "<group>"; };
		03106CB81BB395D10050EDEC /* GameEngineTests.xctest */ = {isa = PBXFileReference; explicitFileType = wrapper.cfbundle; includeInIndex = 0; path = GameEngineTests.xctest; sourceTree = BUILT_PRODUCTS_DIR; };
		03106CBD1BB395D10050EDEC /* Info.plist */ = {isa = PBXFileReference; lastKnownFileType = text.plist.xml; path = Info.plist; sourceTree = "<group>"; };
		03106CBE1BB395D10050EDEC /* GameEngineTests.m */ = {isa = PBXFileReference; lastKnownFileType = sourcecode.c.objc; path = GameEngineTests.m; sourceTree = "<group>"; };
		03106CCA1BB396A60050EDEC /* BootLogic.h */ = {isa = PBXFileReference; fileEncoding = 4; lastKnownFileType = sourcecode.c.h; path = BootLogic.h; sourceTree = "<group>"; };
		03106CCB1BB396A60050EDEC /* AppDelegate.h */ = {isa = PBXFileReference; fileEncoding = 4; lastKnownFileType = sourcecode.c.h; path = AppDelegate.h; sourceTree = "<group>"; };
		03106CCC1BB396A60050EDEC /* AppDelegate.m */ = {isa = PBXFileReference; fileEncoding = 4; lastKnownFileType = sourcecode.c.objc; path = AppDelegate.m; sourceTree = "<group>"; };
		03106CCD1BB396A60050EDEC /* BootLogic.m */ = {isa = PBXFileReference; fileEncoding = 4; lastKnownFileType = sourcecode.c.objc; path = BootLogic.m; sourceTree = "<group>"; };
		03106CCE1BB396A60050EDEC /* ConsoleScreen.h */ = {isa = PBXFileReference; fileEncoding = 4; lastKnownFileType = sourcecode.c.h; path = ConsoleScreen.h; sourceTree = "<group>"; };
		03106CCF1BB396A60050EDEC /* ConsoleScreen.m */ = {isa = PBXFileReference; fileEncoding = 4; lastKnownFileType = sourcecode.c.objc; path = ConsoleScreen.m; sourceTree = "<group>"; };
		03106CD01BB396A60050EDEC /* MainScreen.h */ = {isa = PBXFileReference; fileEncoding = 4; lastKnownFileType = sourcecode.c.h; path = MainScreen.h; sourceTree = "<group>"; };
		03106CD11BB396A60050EDEC /* MainScreen.m */ = {isa = PBXFileReference; fileEncoding = 4; lastKnownFileType = sourcecode.c.objc; path = MainScreen.m; sourceTree = "<group>"; };
		03106CD71BB397D20050EDEC /* Sence.h */ = {isa = PBXFileReference; fileEncoding = 4; lastKnownFileType = sourcecode.c.h; name = Sence.h; path = GameCore/Sence.h; sourceTree = "<group>"; };
		03106CD81BB397D20050EDEC /* Sence.m */ = {isa = PBXFileReference; fileEncoding = 4; lastKnownFileType = sourcecode.c.objc; name = Sence.m; path = GameCore/Sence.m; sourceTree = "<group>"; };
		03106CDA1BB398270050EDEC /* Sprite.h */ = {isa = PBXFileReference; fileEncoding = 4; lastKnownFileType = sourcecode.c.h; name = Sprite.h; path = GameCore/Sprite.h; sourceTree = "<group>"; };
		03106CDB1BB398270050EDEC /* Sprite.m */ = {isa = PBXFileReference; fileEncoding = 4; lastKnownFileType = sourcecode.c.objc; name = Sprite.m; path = GameCore/Sprite.m; sourceTree = "<group>"; };
		03106CDE1BB39D070050EDEC /* soccer.png */ = {isa = PBXFileReference; lastKnownFileType = image.png; path = soccer.png; sourceTree = "<group>"; };
		03106CE01BB39D450050EDEC /* SenceAndSprite.h */ = {isa = PBXFileReference; fileEncoding = 4; lastKnownFileType = sourcecode.c.h; path = SenceAndSprite.h; sourceTree = "<group>"; };
		03106CE11BB39D450050EDEC /* SenceAndSprite.m */ = {isa = PBXFileReference; fileEncoding = 4; lastKnownFileType = sourcecode.c.objc; path = SenceAndSprite.m; sourceTree = "<group>"; };
		03106CE31BB3CE7F0050EDEC /* CityAndCloud.h */ = {isa = PBXFileReference; fileEncoding = 4; lastKnownFileType = sourcecode.c.h; name = CityAndCloud.h; path = GameCore/CityAndCloud.h; sourceTree = "<group>"; };
		03106CE41BB3CE7F0050EDEC /* CityAndCloud.m */ = {isa = PBXFileReference; fileEncoding = 4; lastKnownFileType = sourcecode.c.objc; name = CityAndCloud.m; path = GameCore/CityAndCloud.m; sourceTree = "<group>"; };
		03106CE61BB3CEAB0050EDEC /* 1.png */ = {isa = PBXFileReference; lastKnownFileType = image.png; path = 1.png; sourceTree = "<group>"; };
		03106CE71BB3CEAB0050EDEC /* 2.png */ = {isa = PBXFileReference; lastKnownFileType = image.png; path = 2.png; sourceTree = "<group>"; };
		03106CE81BB3CEAB0050EDEC /* 3.png */ = {isa = PBXFileReference; lastKnownFileType = image.png; path = 3.png; sourceTree = "<group>"; };
		03106CE91BB3CEAB0050EDEC /* 4.png */ = {isa = PBXFileReference; lastKnownFileType = image.png; path = 4.png; sourceTree = "<group>"; };
		03106CEA1BB3CEAB0050EDEC /* 5.png */ = {isa = PBXFileReference; lastKnownFileType = image.png; path = 5.png; sourceTree = "<group>"; };
		03106CEB1BB3CEAB0050EDEC /* 6.png */ = {isa = PBXFileReference; lastKnownFileType = image.png; path = 6.png; sourceTree = "<group>"; };
		03106CEC1BB3CEAB0050EDEC /* 7.png */ = {isa = PBXFileReference; lastKnownFileType = image.png; path = 7.png; sourceTree = "<group>"; };
		03106CED1BB3CEAB0050EDEC /* 8.png */ = {isa = PBXFileReference; lastKnownFileType = image.png; path = 8.png; sourceTree = "<group>"; };
		03106CF61BB3CEB70050EDEC /* ball.png */ = {isa = PBXFileReference; lastKnownFileType = image.png; path = ball.png; sourceTree = "<group>"; };
		03106CF71BB3CEB70050EDEC /* block.png */ = {isa = PBXFileReference; lastKnownFileType = image.png; path = block.png; sourceTree = "<group>"; };
		03106CFC1BB3CEC50050EDEC /* cloud1.png */ = {isa = PBXFileReference; lastKnownFileType = image.png; path = cloud1.png; sourceTree = "<group>"; };
		03106CFD1BB3CEC50050EDEC /* cloud2.png */ = {isa = PBXFileReference; lastKnownFileType = image.png; path = cloud2.png; sourceTree = "<group>"; };
		03106CFE1BB3CEC50050EDEC /* cloud3.png */ = {isa = PBXFileReference; lastKnownFileType = image.png; path = cloud3.png; sourceTree = "<group>"; };
		03106CFF1BB3CEC50050EDEC /* clown.png */ = {isa = PBXFileReference; lastKnownFileType = image.png; path = clown.png; sourceTree = "<group>"; };
		03106D001BB3CEC50050EDEC /* fireball.png */ = {isa = PBXFileReference; lastKnownFileType = image.png; path = fireball.png; sourceTree = "<group>"; };
		03106D011BB3CEC50050EDEC /* gameover.png */ = {isa = PBXFileReference; lastKnownFileType = image.png; path = gameover.png; sourceTree = "<group>"; };
		03106D021BB3CEC50050EDEC /* marioKilled.png */ = {isa = PBXFileReference; lastKnownFileType = image.png; path = marioKilled.png; sourceTree = "<group>"; };
		03106D0A1BB3E2A80050EDEC /* city.png */ = {isa = PBXFileReference; lastKnownFileType = image.png; path = city.png; sourceTree = "<group>"; };
		03106D0C1BB3E6BD0050EDEC /* Cloud.h */ = {isa = PBXFileReference; fileEncoding = 4; lastKnownFileType = sourcecode.c.h; name = Cloud.h; path = GameCore/Cloud.h; sourceTree = "<group>"; };
		03106D0D1BB3E6BD0050EDEC /* Cloud.m */ = {isa = PBXFileReference; fileEncoding = 4; lastKnownFileType = sourcecode.c.objc; name = Cloud.m; path = GameCore/Cloud.m; sourceTree = "<group>"; };
		03106D0F1BB3F0F70050EDEC /* Superricks.h */ = {isa = PBXFileReference; fileEncoding = 4; lastKnownFileType = sourcecode.c.h; name = Superricks.h; path = GameCore/Superricks.h; sourceTree = "<group>"; };
		03106D101BB3F0F70050EDEC /* Superricks.m */ = {isa = PBXFileReference; fileEncoding = 4; lastKnownFileType = sourcecode.c.objc; name = Superricks.m; path = GameCore/Superricks.m; sourceTree = "<group>"; };
/* End PBXFileReference section */

/* Begin PBXFrameworksBuildPhase section */
		03106C9C1BB395D10050EDEC /* Frameworks */ = {
			isa = PBXFrameworksBuildPhase;
			buildActionMask = 2147483647;
			files = (
			);
			runOnlyForDeploymentPostprocessing = 0;
		};
		03106CB51BB395D10050EDEC /* Frameworks */ = {
			isa = PBXFrameworksBuildPhase;
			buildActionMask = 2147483647;
			files = (
			);
			runOnlyForDeploymentPostprocessing = 0;
		};
/* End PBXFrameworksBuildPhase section */

/* Begin PBXGroup section */
		03106C961BB395D10050EDEC = {
			isa = PBXGroup;
			children = (
				03106CDD1BB39CC50050EDEC /* Images */,
				03106CD61BB397AB0050EDEC /* GameCore */,
				03106CC91BB396640050EDEC /* Base */,
				03106CC81BB396590050EDEC /* Core */,
				03106CA11BB395D10050EDEC /* GameEngine */,
				03106CBB1BB395D10050EDEC /* GameEngineTests */,
				03106CA01BB395D10050EDEC /* Products */,
			);
			sourceTree = "<group>";
		};
		03106CA01BB395D10050EDEC /* Products */ = {
			isa = PBXGroup;
			children = (
				03106C9F1BB395D10050EDEC /* GameEngine.app */,
				03106CB81BB395D10050EDEC /* GameEngineTests.xctest */,
			);
			name = Products;
			sourceTree = "<group>";
		};
		03106CA11BB395D10050EDEC /* GameEngine */ = {
			isa = PBXGroup;
			children = (
				03106CAF1BB395D10050EDEC /* Images.xcassets */,
				03106CB11BB395D10050EDEC /* LaunchScreen.xib */,
				03106CA21BB395D10050EDEC /* Supporting Files */,
			);
			path = GameEngine;
			sourceTree = "<group>";
		};
		03106CA21BB395D10050EDEC /* Supporting Files */ = {
			isa = PBXGroup;
			children = (
				03106CA31BB395D10050EDEC /* Info.plist */,
				03106CA41BB395D10050EDEC /* main.m */,
			);
			name = "Supporting Files";
			sourceTree = "<group>";
		};
		03106CBB1BB395D10050EDEC /* GameEngineTests */ = {
			isa = PBXGroup;
			children = (
				03106CBE1BB395D10050EDEC /* GameEngineTests.m */,
				03106CBC1BB395D10050EDEC /* Supporting Files */,
			);
			path = GameEngineTests;
			sourceTree = "<group>";
		};
		03106CBC1BB395D10050EDEC /* Supporting Files */ = {
			isa = PBXGroup;
			children = (
				03106CBD1BB395D10050EDEC /* Info.plist */,
			);
			name = "Supporting Files";
			sourceTree = "<group>";
		};
		03106CC81BB396590050EDEC /* Core */ = {
			isa = PBXGroup;
			children = (
				03106CCB1BB396A60050EDEC /* AppDelegate.h */,
				03106CCC1BB396A60050EDEC /* AppDelegate.m */,
				03106CCD1BB396A60050EDEC /* BootLogic.m */,
				03106CCA1BB396A60050EDEC /* BootLogic.h */,
				03106CCE1BB396A60050EDEC /* ConsoleScreen.h */,
				03106CCF1BB396A60050EDEC /* ConsoleScreen.m */,
				03106CD01BB396A60050EDEC /* MainScreen.h */,
				03106CD11BB396A60050EDEC /* MainScreen.m */,
			);
			name = Core;
			sourceTree = "<group>";
		};
		03106CC91BB396640050EDEC /* Base */ = {
			isa = PBXGroup;
			children = (
				03106CE01BB39D450050EDEC /* SenceAndSprite.h */,
				03106CE11BB39D450050EDEC /* SenceAndSprite.m */,
				03106CE31BB3CE7F0050EDEC /* CityAndCloud.h */,
				03106CE41BB3CE7F0050EDEC /* CityAndCloud.m */,
			);
			name = Base;
			sourceTree = "<group>";
		};
		03106CD61BB397AB0050EDEC /* GameCore */ = {
			isa = PBXGroup;
			children = (
				03106CD71BB397D20050EDEC /* Sence.h */,
				03106CD81BB397D20050EDEC /* Sence.m */,
				03106CDA1BB398270050EDEC /* Sprite.h */,
				03106CDB1BB398270050EDEC /* Sprite.m */,
				03106D0C1BB3E6BD0050EDEC /* Cloud.h */,
				03106D0D1BB3E6BD0050EDEC /* Cloud.m */,
				03106D0F1BB3F0F70050EDEC /* Superricks.h */,
				03106D101BB3F0F70050EDEC /* Superricks.m */,
			);
			name = GameCore;
			sourceTree = "<group>";
		};
		03106CDD1BB39CC50050EDEC /* Images */ = {
			isa = PBXGroup;
			children = (
				03106D0A1BB3E2A80050EDEC /* city.png */,
				03106CFC1BB3CEC50050EDEC /* cloud1.png */,
				03106CFD1BB3CEC50050EDEC /* cloud2.png */,
				03106CFE1BB3CEC50050EDEC /* cloud3.png */,
				03106CFF1BB3CEC50050EDEC /* clown.png */,
				03106D001BB3CEC50050EDEC /* fireball.png */,
				03106D011BB3CEC50050EDEC /* gameover.png */,
				03106D021BB3CEC50050EDEC /* marioKilled.png */,
				03106CF61BB3CEB70050EDEC /* ball.png */,
				03106CF71BB3CEB70050EDEC /* block.png */,
				03106CE61BB3CEAB0050EDEC /* 1.png */,
				03106CE71BB3CEAB0050EDEC /* 2.png */,
				03106CE81BB3CEAB0050EDEC /* 3.png */,
				03106CE91BB3CEAB0050EDEC /* 4.png */,
				03106CEA1BB3CEAB0050EDEC /* 5.png */,
				03106CEB1BB3CEAB0050EDEC /* 6.png */,
				03106CEC1BB3CEAB0050EDEC /* 7.png */,
				03106CED1BB3CEAB0050EDEC /* 8.png */,
				03106CDE1BB39D070050EDEC /* soccer.png */,
			);
			name = Images;
			sourceTree = "<group>";
		};
/* End PBXGroup section */

/* Begin PBXNativeTarget section */
		03106C9E1BB395D10050EDEC /* GameEngine */ = {
			isa = PBXNativeTarget;
			buildConfigurationList = 03106CC21BB395D10050EDEC /* Build configuration list for PBXNativeTarget "GameEngine" */;
			buildPhases = (
				03106C9B1BB395D10050EDEC /* Sources */,
				03106C9C1BB395D10050EDEC /* Frameworks */,
				03106C9D1BB395D10050EDEC /* Resources */,
			);
			buildRules = (
			);
			dependencies = (
			);
			name = GameEngine;
			productName = GameEngine;
			productReference = 03106C9F1BB395D10050EDEC /* GameEngine.app */;
			productType = "com.apple.product-type.application";
		};
		03106CB71BB395D10050EDEC /* GameEngineTests */ = {
			isa = PBXNativeTarget;
			buildConfigurationList = 03106CC51BB395D10050EDEC /* Build configuration list for PBXNativeTarget "GameEngineTests" */;
			buildPhases = (
				03106CB41BB395D10050EDEC /* Sources */,
				03106CB51BB395D10050EDEC /* Frameworks */,
				03106CB61BB395D10050EDEC /* Resources */,
			);
			buildRules = (
			);
			dependencies = (
				03106CBA1BB395D10050EDEC /* PBXTargetDependency */,
			);
			name = GameEngineTests;
			productName = GameEngineTests;
			productReference = 03106CB81BB395D10050EDEC /* GameEngineTests.xctest */;
			productType = "com.apple.product-type.bundle.unit-test";
		};
/* End PBXNativeTarget section */

/* Begin PBXProject section */
		03106C971BB395D10050EDEC /* Project object */ = {
			isa = PBXProject;
			attributes = {
				LastUpgradeCheck = 0640;
				ORGANIZATIONNAME = KhanhNQ;
				TargetAttributes = {
					03106C9E1BB395D10050EDEC = {
						CreatedOnToolsVersion = 6.4;
					};
					03106CB71BB395D10050EDEC = {
						CreatedOnToolsVersion = 6.4;
						TestTargetID = 03106C9E1BB395D10050EDEC;
					};
				};
			};
			buildConfigurationList = 03106C9A1BB395D10050EDEC /* Build configuration list for PBXProject "GameEngine" */;
			compatibilityVersion = "Xcode 3.2";
			developmentRegion = English;
			hasScannedForEncodings = 0;
			knownRegions = (
				en,
				Base,
			);
			mainGroup = 03106C961BB395D10050EDEC;
			productRefGroup = 03106CA01BB395D10050EDEC /* Products */;
			projectDirPath = "";
			projectRoot = "";
			targets = (
				03106C9E1BB395D10050EDEC /* GameEngine */,
				03106CB71BB395D10050EDEC /* GameEngineTests */,
			);
		};
/* End PBXProject section */

/* Begin PBXResourcesBuildPhase section */
		03106C9D1BB395D10050EDEC /* Resources */ = {
			isa = PBXResourcesBuildPhase;
			buildActionMask = 2147483647;
			files = (
				03106CF51BB3CEAB0050EDEC /* 8.png in Resources */,
				03106D081BB3CEC50050EDEC /* gameover.png in Resources */,
				03106CFA1BB3CEB70050EDEC /* block.png in Resources */,
				03106D091BB3CEC50050EDEC /* marioKilled.png in Resources */,
				03106CDF1BB39D070050EDEC /* soccer.png in Resources */,
				03106CF91BB3CEB70050EDEC /* ball.png in Resources */,
				03106CF11BB3CEAB0050EDEC /* 4.png in Resources */,
				03106D071BB3CEC50050EDEC /* fireball.png in Resources */,
				03106CEE1BB3CEAB0050EDEC /* 1.png in Resources */,
				03106D041BB3CEC50050EDEC /* cloud2.png in Resources */,
				03106CF31BB3CEAB0050EDEC /* 6.png in Resources */,
				03106D061BB3CEC50050EDEC /* clown.png in Resources */,
				03106CEF1BB3CEAB0050EDEC /* 2.png in Resources */,
				03106D051BB3CEC50050EDEC /* cloud3.png in Resources */,
				03106CF01BB3CEAB0050EDEC /* 3.png in Resources */,
				03106CF21BB3CEAB0050EDEC /* 5.png in Resources */,
				03106CF41BB3CEAB0050EDEC /* 7.png in Resources */,
				03106CB31BB395D10050EDEC /* LaunchScreen.xib in Resources */,
				03106D031BB3CEC50050EDEC /* cloud1.png in Resources */,
				03106CB01BB395D10050EDEC /* Images.xcassets in Resources */,
				03106D0B1BB3E2A80050EDEC /* city.png in Resources */,
			);
			runOnlyForDeploymentPostprocessing = 0;
		};
		03106CB61BB395D10050EDEC /* Resources */ = {
			isa = PBXResourcesBuildPhase;
			buildActionMask = 2147483647;
			files = (
			);
			runOnlyForDeploymentPostprocessing = 0;
		};
/* End PBXResourcesBuildPhase section */

/* Begin PBXSourcesBuildPhase section */
		03106C9B1BB395D10050EDEC /* Sources */ = {
			isa = PBXSourcesBuildPhase;
			buildActionMask = 2147483647;
			files = (
				03106CD91BB397D20050EDEC /* Sence.m in Sources */,
				03106CD31BB396A60050EDEC /* BootLogic.m in Sources */,
				03106CD51BB396A60050EDEC /* MainScreen.m in Sources */,
				03106D0E1BB3E6BD0050EDEC /* Cloud.m in Sources */,
				03106CE21BB39D450050EDEC /* SenceAndSprite.m in Sources */,
				03106CE51BB3CE7F0050EDEC /* CityAndCloud.m in Sources */,
				03106CD41BB396A60050EDEC /* ConsoleScreen.m in Sources */,
				03106CD21BB396A60050EDEC /* AppDelegate.m in Sources */,
				03106D111BB3F0F70050EDEC /* Superricks.m in Sources */,
				03106CDC1BB398270050EDEC /* Sprite.m in Sources */,
				03106CA51BB395D10050EDEC /* main.m in Sources */,
			);
			runOnlyForDeploymentPostprocessing = 0;
		};
		03106CB41BB395D10050EDEC /* Sources */ = {
			isa = PBXSourcesBuildPhase;
			buildActionMask = 2147483647;
			files = (
				03106CBF1BB395D10050EDEC /* GameEngineTests.m in Sources */,
			);
			runOnlyForDeploymentPostprocessing = 0;
		};
/* End PBXSourcesBuildPhase section */

/* Begin PBXTargetDependency section */
		03106CBA1BB395D10050EDEC /* PBXTargetDependency */ = {
			isa = PBXTargetDependency;
			target = 03106C9E1BB395D10050EDEC /* GameEngine */;
			targetProxy = 03106CB91BB395D10050EDEC /* PBXContainerItemProxy */;
		};
/* End PBXTargetDependency section */

/* Begin PBXVariantGroup section */
		03106CB11BB395D10050EDEC /* LaunchScreen.xib */ = {
			isa = PBXVariantGroup;
			children = (
				03106CB21BB395D10050EDEC /* Base */,
			);
			name = LaunchScreen.xib;
			sourceTree = "<group>";
		};
/* End PBXVariantGroup section */

/* Begin XCBuildConfiguration section */
		03106CC01BB395D10050EDEC /* Debug */ = {
			isa = XCBuildConfiguration;
			buildSettings = {
				ALWAYS_SEARCH_USER_PATHS = NO;
				CLANG_CXX_LANGUAGE_STANDARD = "gnu++0x";
				CLANG_CXX_LIBRARY = "libc++";
				CLANG_ENABLE_MODULES = YES;
				CLANG_ENABLE_OBJC_ARC = YES;
				CLANG_WARN_BOOL_CONVERSION = YES;
				CLANG_WARN_CONSTANT_CONVERSION = YES;
				CLANG_WARN_DIRECT_OBJC_ISA_USAGE = YES_ERROR;
				CLANG_WARN_EMPTY_BODY = YES;
				CLANG_WARN_ENUM_CONVERSION = YES;
				CLANG_WARN_INT_CONVERSION = YES;
				CLANG_WARN_OBJC_ROOT_CLASS = YES_ERROR;
				CLANG_WARN_UNREACHABLE_CODE = YES;
				CLANG_WARN__DUPLICATE_METHOD_MATCH = YES;
				"CODE_SIGN_IDENTITY[sdk=iphoneos*]" = "iPhone Developer";
				COPY_PHASE_STRIP = NO;
				DEBUG_INFORMATION_FORMAT = "dwarf-with-dsym";
				ENABLE_STRICT_OBJC_MSGSEND = YES;
				GCC_C_LANGUAGE_STANDARD = gnu99;
				GCC_DYNAMIC_NO_PIC = NO;
				GCC_NO_COMMON_BLOCKS = YES;
				GCC_OPTIMIZATION_LEVEL = 0;
				GCC_PREPROCESSOR_DEFINITIONS = (
					"DEBUG=1",
					"$(inherited)",
				);
				GCC_SYMBOLS_PRIVATE_EXTERN = NO;
				GCC_WARN_64_TO_32_BIT_CONVERSION = YES;
				GCC_WARN_ABOUT_RETURN_TYPE = YES_ERROR;
				GCC_WARN_UNDECLARED_SELECTOR = YES;
				GCC_WARN_UNINITIALIZED_AUTOS = YES_AGGRESSIVE;
				GCC_WARN_UNUSED_FUNCTION = YES;
				GCC_WARN_UNUSED_VARIABLE = YES;
				IPHONEOS_DEPLOYMENT_TARGET = 8.4;
				MTL_ENABLE_DEBUG_INFO = YES;
				ONLY_ACTIVE_ARCH = YES;
				SDKROOT = iphoneos;
				TARGETED_DEVICE_FAMILY = "1,2";
			};
			name = Debug;
		};
		03106CC11BB395D10050EDEC /* Release */ = {
			isa = XCBuildConfiguration;
			buildSettings = {
				ALWAYS_SEARCH_USER_PATHS = NO;
				CLANG_CXX_LANGUAGE_STANDARD = "gnu++0x";
				CLANG_CXX_LIBRARY = "libc++";
				CLANG_ENABLE_MODULES = YES;
				CLANG_ENABLE_OBJC_ARC = YES;
				CLANG_WARN_BOOL_CONVERSION = YES;
				CLANG_WARN_CONSTANT_CONVERSION = YES;
				CLANG_WARN_DIRECT_OBJC_ISA_USAGE = YES_ERROR;
				CLANG_WARN_EMPTY_BODY = YES;
				CLANG_WARN_ENUM_CONVERSION = YES;
				CLANG_WARN_INT_CONVERSION = YES;
				CLANG_WARN_OBJC_ROOT_CLASS = YES_ERROR;
				CLANG_WARN_UNREACHABLE_CODE = YES;
				CLANG_WARN__DUPLICATE_METHOD_MATCH = YES;
				"CODE_SIGN_IDENTITY[sdk=iphoneos*]" = "iPhone Developer";
				COPY_PHASE_STRIP = NO;
				DEBUG_INFORMATION_FORMAT = "dwarf-with-dsym";
				ENABLE_NS_ASSERTIONS = NO;
				ENABLE_STRICT_OBJC_MSGSEND = YES;
				GCC_C_LANGUAGE_STANDARD = gnu99;
				GCC_NO_COMMON_BLOCKS = YES;
				GCC_WARN_64_TO_32_BIT_CONVERSION = YES;
				GCC_WARN_ABOUT_RETURN_TYPE = YES_ERROR;
				GCC_WARN_UNDECLARED_SELECTOR = YES;
				GCC_WARN_UNINITIALIZED_AUTOS = YES_AGGRESSIVE;
				GCC_WARN_UNUSED_FUNCTION = YES;
				GCC_WARN_UNUSED_VARIABLE = YES;
				IPHONEOS_DEPLOYMENT_TARGET = 8.4;
				MTL_ENABLE_DEBUG_INFO = NO;
				SDKROOT = iphoneos;
				TARGETED_DEVICE_FAMILY = "1,2";
				VALIDATE_PRODUCT = YES;
			};
			name = Release;
		};
		03106CC31BB395D10050EDEC /* Debug */ = {
			isa = XCBuildConfiguration;
			buildSettings = {
				ASSETCATALOG_COMPILER_APPICON_NAME = AppIcon;
				INFOPLIST_FILE = GameEngine/Info.plist;
				LD_RUNPATH_SEARCH_PATHS = "$(inherited) @executable_path/Frameworks";
				PRODUCT_NAME = "$(TARGET_NAME)";
			};
			name = Debug;
		};
		03106CC41BB395D10050EDEC /* Release */ = {
			isa = XCBuildConfiguration;
			buildSettings = {
				ASSETCATALOG_COMPILER_APPICON_NAME = AppIcon;
				INFOPLIST_FILE = GameEngine/Info.plist;
				LD_RUNPATH_SEARCH_PATHS = "$(inherited) @executable_path/Frameworks";
				PRODUCT_NAME = "$(TARGET_NAME)";
			};
			name = Release;
		};
		03106CC61BB395D10050EDEC /* Debug */ = {
			isa = XCBuildConfiguration;
			buildSettings = {
				BUNDLE_LOADER = "$(TEST_HOST)";
				FRAMEWORK_SEARCH_PATHS = (
					"$(SDKROOT)/Developer/Library/Frameworks",
					"$(inherited)",
				);
				GCC_PREPROCESSOR_DEFINITIONS = (
					"DEBUG=1",
					"$(inherited)",
				);
				INFOPLIST_FILE = GameEngineTests/Info.plist;
				LD_RUNPATH_SEARCH_PATHS = "$(inherited) @executable_path/Frameworks @loader_path/Frameworks";
				PRODUCT_NAME = "$(TARGET_NAME)";
				TEST_HOST = "$(BUILT_PRODUCTS_DIR)/GameEngine.app/GameEngine";
			};
			name = Debug;
		};
		03106CC71BB395D10050EDEC /* Release */ = {
			isa = XCBuildConfiguration;
			buildSettings = {
				BUNDLE_LOADER = "$(TEST_HOST)";
				FRAMEWORK_SEARCH_PATHS = (
					"$(SDKROOT)/Developer/Library/Frameworks",
					"$(inherited)",
				);
				INFOPLIST_FILE = GameEngineTests/Info.plist;
				LD_RUNPATH_SEARCH_PATHS = "$(inherited) @executable_path/Frameworks @loader_path/Frameworks";
				PRODUCT_NAME = "$(TARGET_NAME)";
				TEST_HOST = "$(BUILT_PRODUCTS_DIR)/GameEngine.app/GameEngine";
			};
			name = Release;
		};
/* End XCBuildConfiguration section */

/* Begin XCConfigurationList section */
		03106C9A1BB395D10050EDEC /* Build configuration list for PBXProject "GameEngine" */ = {
			isa = XCConfigurationList;
			buildConfigurations = (
				03106CC01BB395D10050EDEC /* Debug */,
				03106CC11BB395D10050EDEC /* Release */,
			);
			defaultConfigurationIsVisible = 0;
			defaultConfigurationName = Release;
		};
		03106CC21BB395D10050EDEC /* Build configuration list for PBXNativeTarget "GameEngine" */ = {
			isa = XCConfigurationList;
			buildConfigurations = (
				03106CC31BB395D10050EDEC /* Debug */,
				03106CC41BB395D10050EDEC /* Release */,
			);
			defaultConfigurationIsVisible = 0;
			defaultConfigurationName = Release;
		};
		03106CC51BB395D10050EDEC /* Build configuration list for PBXNativeTarget "GameEngineTests" */ = {
			isa = XCConfigurationList;
			buildConfigurations = (
				03106CC61BB395D10050EDEC /* Debug */,
				03106CC71BB395D10050EDEC /* Release */,
			);
			defaultConfigurationIsVisible = 0;
			defaultConfigurationName = Release;
		};
/* End XCConfigurationList section */
	};
	rootObject = 03106C971BB395D10050EDEC /* Project object */;
}
